
Microsoft Visual Studio Solution File, Format Version 12.00
# Visual Studio Version 17
VisualStudioVersion = 17.1.32328.378
MinimumVisualStudioVersion = 10.0.40219.1
Project("{9A19103F-16F7-4668-BE54-9A1E7A4F7556}") = "Chess", "Chess\Chess.csproj", "{19B93E93-7735-4F6D-B097-30532C6F5514}"
EndProject
Project("{9A19103F-16F7-4668-BE54-9A1E7A4F7556}") = "DemoApp", "DemoApp\DemoApp.csproj", "{BCB75D04-42B8-49BB-A53B-2F1B50815171}"
EndProject
Project("{9A19103F-16F7-4668-BE54-9A1E7A4F7556}") = "Lesson3", "Lesson3\Lesson3.csproj", "{50CA065A-FE39-4CCB-AA9A-6BE0BB5DCDE1}"
EndProject
Project("{9A19103F-16F7-4668-BE54-9A1E7A4F7556}") = "Queens", "Queens\Queens.csproj", "{DDC83112-EA8A-41F4-863B-068074DC10E0}"
EndProject
Project("{9A19103F-16F7-4668-BE54-9A1E7A4F7556}") = "Lesson4", "Lesson4\Lesson4.csproj", "{D299C4E0-F263-49DD-8A20-B146A7734658}"
EndProject
Project("{9A19103F-16F7-4668-BE54-9A1E7A4F7556}") = "NanoTetris", "NanoTetris\NanoTetris.csproj", "{E97B711C-9017-45A6-BD5E-51F38F7E936D}"
EndProject
Project("{9A19103F-16F7-4668-BE54-9A1E7A4F7556}") = "Lesson6", "Lesson6\Lesson6.csproj", "{0E2341F8-E1EF-46EA-90F6-9D722E38CD93}"
EndProject
Project("{9A19103F-16F7-4668-BE54-9A1E7A4F7556}") = "Lesson7", "Lesson7\Lesson7.csproj", "{1ED1E16E-0AD6-41AC-B5C8-3941A0C7CA29}"
EndProject
Project("{9A19103F-16F7-4668-BE54-9A1E7A4F7556}") = "Lesson8", "Lesson8\Lesson8.csproj", "{3CD67707-2ED6-4013-A27C-2468111C8F2B}"
EndProject
Project("{9A19103F-16F7-4668-BE54-9A1E7A4F7556}") = "Lesson9", "Lesson9\Lesson9.csproj", "{55BEA71A-E35F-41AE-99D1-1306FD2ACB46}"
EndProject
Project("{9A19103F-16F7-4668-BE54-9A1E7A4F7556}") = "Anagramm", "Anagramm\Anagramm.csproj", "{D8217068-596D-4CD5-B26D-41B4870F0EF0}"
EndProject
Project("{9A19103F-16F7-4668-BE54-9A1E7A4F7556}") = "MicroTetris", "MicroTetris\MicroTetris.csproj", "{D6CA710A-C7CB-4466-9013-6C09269821F2}"
EndProject
Project("{FAE04EC0-301F-11D3-BF4B-00C04F79EFBC}") = "Calculator", "Calculator\Calculator.csproj", "{CD37188F-89A8-4A35-8AEE-AB4AF8D0A545}"
EndProject
Global
	GlobalSection(SolutionConfigurationPlatforms) = preSolution
		Debug|Any CPU = Debug|Any CPU
		Release|Any CPU = Release|Any CPU
	EndGlobalSection
	GlobalSection(ProjectConfigurationPlatforms) = postSolution
		{19B93E93-7735-4F6D-B097-30532C6F5514}.Debug|Any CPU.ActiveCfg = Debug|Any CPU
		{19B93E93-7735-4F6D-B097-30532C6F5514}.Debug|Any CPU.Build.0 = Debug|Any CPU
		{19B93E93-7735-4F6D-B097-30532C6F5514}.Release|Any CPU.ActiveCfg = Release|Any CPU
		{19B93E93-7735-4F6D-B097-30532C6F5514}.Release|Any CPU.Build.0 = Release|Any CPU
		{BCB75D04-42B8-49BB-A53B-2F1B50815171}.Debug|Any CPU.ActiveCfg = Debug|Any CPU
		{BCB75D04-42B8-49BB-A53B-2F1B50815171}.Debug|Any CPU.Build.0 = Debug|Any CPU
		{BCB75D04-42B8-49BB-A53B-2F1B50815171}.Release|Any CPU.ActiveCfg = Release|Any CPU
		{BCB75D04-42B8-49BB-A53B-2F1B50815171}.Release|Any CPU.Build.0 = Release|Any CPU
		{50CA065A-FE39-4CCB-AA9A-6BE0BB5DCDE1}.Debug|Any CPU.ActiveCfg = Debug|Any CPU
		{50CA065A-FE39-4CCB-AA9A-6BE0BB5DCDE1}.Debug|Any CPU.Build.0 = Debug|Any CPU
		{50CA065A-FE39-4CCB-AA9A-6BE0BB5DCDE1}.Release|Any CPU.ActiveCfg = Release|Any CPU
		{50CA065A-FE39-4CCB-AA9A-6BE0BB5DCDE1}.Release|Any CPU.Build.0 = Release|Any CPU
		{DDC83112-EA8A-41F4-863B-068074DC10E0}.Debug|Any CPU.ActiveCfg = Debug|Any CPU
		{DDC83112-EA8A-41F4-863B-068074DC10E0}.Debug|Any CPU.Build.0 = Debug|Any CPU
		{DDC83112-EA8A-41F4-863B-068074DC10E0}.Release|Any CPU.ActiveCfg = Release|Any CPU
		{DDC83112-EA8A-41F4-863B-068074DC10E0}.Release|Any CPU.Build.0 = Release|Any CPU
		{D299C4E0-F263-49DD-8A20-B146A7734658}.Debug|Any CPU.ActiveCfg = Debug|Any CPU
		{D299C4E0-F263-49DD-8A20-B146A7734658}.Debug|Any CPU.Build.0 = Debug|Any CPU
		{D299C4E0-F263-49DD-8A20-B146A7734658}.Release|Any CPU.ActiveCfg = Release|Any CPU
		{D299C4E0-F263-49DD-8A20-B146A7734658}.Release|Any CPU.Build.0 = Release|Any CPU
		{E97B711C-9017-45A6-BD5E-51F38F7E936D}.Debug|Any CPU.ActiveCfg = Debug|Any CPU
		{E97B711C-9017-45A6-BD5E-51F38F7E936D}.Debug|Any CPU.Build.0 = Debug|Any CPU
		{E97B711C-9017-45A6-BD5E-51F38F7E936D}.Release|Any CPU.ActiveCfg = Release|Any CPU
		{E97B711C-9017-45A6-BD5E-51F38F7E936D}.Release|Any CPU.Build.0 = Release|Any CPU
		{0E2341F8-E1EF-46EA-90F6-9D722E38CD93}.Debug|Any CPU.ActiveCfg = Debug|Any CPU
		{0E2341F8-E1EF-46EA-90F6-9D722E38CD93}.Debug|Any CPU.Build.0 = Debug|Any CPU
		{0E2341F8-E1EF-46EA-90F6-9D722E38CD93}.Release|Any CPU.ActiveCfg = Release|Any CPU
		{0E2341F8-E1EF-46EA-90F6-9D722E38CD93}.Release|Any CPU.Build.0 = Release|Any CPU
		{1ED1E16E-0AD6-41AC-B5C8-3941A0C7CA29}.Debug|Any CPU.ActiveCfg = Debug|Any CPU
		{1ED1E16E-0AD6-41AC-B5C8-3941A0C7CA29}.Debug|Any CPU.Build.0 = Debug|Any CPU
		{1ED1E16E-0AD6-41AC-B5C8-3941A0C7CA29}.Release|Any CPU.ActiveCfg = Release|Any CPU
		{1ED1E16E-0AD6-41AC-B5C8-3941A0C7CA29}.Release|Any CPU.Build.0 = Release|Any CPU
		{3CD67707-2ED6-4013-A27C-2468111C8F2B}.Debug|Any CPU.ActiveCfg = Debug|Any CPU
		{3CD67707-2ED6-4013-A27C-2468111C8F2B}.Debug|Any CPU.Build.0 = Debug|Any CPU
		{3CD67707-2ED6-4013-A27C-2468111C8F2B}.Release|Any CPU.ActiveCfg = Release|Any CPU
		{3CD67707-2ED6-4013-A27C-2468111C8F2B}.Release|Any CPU.Build.0 = Release|Any CPU
		{55BEA71A-E35F-41AE-99D1-1306FD2ACB46}.Debug|Any CPU.ActiveCfg = Debug|Any CPU
		{55BEA71A-E35F-41AE-99D1-1306FD2ACB46}.Debug|Any CPU.Build.0 = Debug|Any CPU
		{55BEA71A-E35F-41AE-99D1-1306FD2ACB46}.Release|Any CPU.ActiveCfg = Release|Any CPU
		{55BEA71A-E35F-41AE-99D1-1306FD2ACB46}.Release|Any CPU.Build.0 = Release|Any CPU
		{D8217068-596D-4CD5-B26D-41B4870F0EF0}.Debug|Any CPU.ActiveCfg = Debug|Any CPU
		{D8217068-596D-4CD5-B26D-41B4870F0EF0}.Debug|Any CPU.Build.0 = Debug|Any CPU
		{D8217068-596D-4CD5-B26D-41B4870F0EF0}.Release|Any CPU.ActiveCfg = Release|Any CPU
		{D8217068-596D-4CD5-B26D-41B4870F0EF0}.Release|Any CPU.Build.0 = Release|Any CPU
		{D6CA710A-C7CB-4466-9013-6C09269821F2}.Debug|Any CPU.ActiveCfg = Debug|Any CPU
		{D6CA710A-C7CB-4466-9013-6C09269821F2}.Debug|Any CPU.Build.0 = Debug|Any CPU
		{D6CA710A-C7CB-4466-9013-6C09269821F2}.Release|Any CPU.ActiveCfg = Release|Any CPU
		{D6CA710A-C7CB-4466-9013-6C09269821F2}.Release|Any CPU.Build.0 = Release|Any CPU
		{CD37188F-89A8-4A35-8AEE-AB4AF8D0A545}.Debug|Any CPU.ActiveCfg = Debug|Any CPU
		{CD37188F-89A8-4A35-8AEE-AB4AF8D0A545}.Debug|Any CPU.Build.0 = Debug|Any CPU
		{CD37188F-89A8-4A35-8AEE-AB4AF8D0A545}.Release|Any CPU.ActiveCfg = Release|Any CPU
		{CD37188F-89A8-4A35-8AEE-AB4AF8D0A545}.Release|Any CPU.Build.0 = Release|Any CPU
	EndGlobalSection
	GlobalSection(SolutionProperties) = preSolution
		HideSolutionNode = FALSE
	EndGlobalSection
	GlobalSection(ExtensibilityGlobals) = postSolution
		SolutionGuid = {0D1660C5-63F8-4251-96C5-5D2AD8867BAD}
	EndGlobalSection
EndGlobal
